// !$*UTF8*$!
{
	archiveVersion = 1;
	classes = {
	};
	objectVersion = 55;
	objects = {

/* Begin PBXBuildFile section */
		785C81AE2AB2824200AADBBF /* AppDelegate.swift in Sources */ = {isa = PBXBuildFile; fileRef = 785C81AD2AB2824200AADBBF /* AppDelegate.swift */; };
		785C81B02AB2824200AADBBF /* SceneDelegate.swift in Sources */ = {isa = PBXBuildFile; fileRef = 785C81AF2AB2824200AADBBF /* SceneDelegate.swift */; };
		785C81B22AB2824200AADBBF /* ViewController.swift in Sources */ = {isa = PBXBuildFile; fileRef = 785C81B12AB2824200AADBBF /* ViewController.swift */; };
		785C81B52AB2824200AADBBF /* Main.storyboard in Resources */ = {isa = PBXBuildFile; fileRef = 785C81B32AB2824200AADBBF /* Main.storyboard */; };
		785C81B82AB2824200AADBBF /* IdigueApi.xcdatamodeld in Sources */ = {isa = PBXBuildFile; fileRef = 785C81B62AB2824200AADBBF /* IdigueApi.xcdatamodeld */; };
		785C81C52AB39E5B00AADBBF /* IdigueApi.swift in Sources */ = {isa = PBXBuildFile; fileRef = 785C81C42AB39E5B00AADBBF /* IdigueApi.swift */; };
		785C81C82AB39FB900AADBBF /* IdigueHttp.swift in Sources */ = {isa = PBXBuildFile; fileRef = 785C81C72AB39FB900AADBBF /* IdigueHttp.swift */; };
		785C81CB2AB3A8B400AADBBF /* Idigue.swift in Sources */ = {isa = PBXBuildFile; fileRef = 785C81CA2AB3A8B400AADBBF /* Idigue.swift */; };
		785C81CD2AB3A97A00AADBBF /* Image.swift in Sources */ = {isa = PBXBuildFile; fileRef = 785C81CC2AB3A97A00AADBBF /* Image.swift */; };
		785C81CF2AB3B3C500AADBBF /* TableViewCell.swift in Sources */ = {isa = PBXBuildFile; fileRef = 785C81CE2AB3B3C500AADBBF /* TableViewCell.swift */; };
		788574662AFC7C9F00C8C835 /* CoreDataStack.swift in Sources */ = {isa = PBXBuildFile; fileRef = 788574652AFC7C9F00C8C835 /* CoreDataStack.swift */; };
		7885746C2B05A76C00C8C835 /* Imagedb.swift in Sources */ = {isa = PBXBuildFile; fileRef = 7885746B2B05A76C00C8C835 /* Imagedb.swift */; };
		78BEC0482AD0B480001FB8AE /* IdigueImageView.swift in Sources */ = {isa = PBXBuildFile; fileRef = 78BEC0472AD0B480001FB8AE /* IdigueImageView.swift */; };
		78BEC04A2AD0D0F9001FB8AE /* ImageViewController.swift in Sources */ = {isa = PBXBuildFile; fileRef = 78BEC0492AD0D0F9001FB8AE /* ImageViewController.swift */; };
		78BEC0522AD5E541001FB8AE /* ColorTransformer.swift in Sources */ = {isa = PBXBuildFile; fileRef = 78BEC0512AD5E541001FB8AE /* ColorTransformer.swift */; };
		78BEC08B2AD71A01001FB8AE /* Imagedb+CoreDataClass.swift in Sources */ = {isa = PBXBuildFile; fileRef = 78BEC0852AD71A01001FB8AE /* Imagedb+CoreDataClass.swift */; };
		78BEC08C2AD71A01001FB8AE /* Imagedb+CoreDataProperties.swift in Sources */ = {isa = PBXBuildFile; fileRef = 78BEC0862AD71A01001FB8AE /* Imagedb+CoreDataProperties.swift */; };
		78BEC08D2AD71A01001FB8AE /* Blogdb+CoreDataClass.swift in Sources */ = {isa = PBXBuildFile; fileRef = 78BEC0872AD71A01001FB8AE /* Blogdb+CoreDataClass.swift */; };
		78BEC08E2AD71A01001FB8AE /* Blogdb+CoreDataProperties.swift in Sources */ = {isa = PBXBuildFile; fileRef = 78BEC0882AD71A01001FB8AE /* Blogdb+CoreDataProperties.swift */; };
		78BEC08F2AD71A01001FB8AE /* Knowledgebasedb+CoreDataClass.swift in Sources */ = {isa = PBXBuildFile; fileRef = 78BEC0892AD71A01001FB8AE /* Knowledgebasedb+CoreDataClass.swift */; };
		78BEC0902AD71A01001FB8AE /* Knowledgebasedb+CoreDataProperties.swift in Sources */ = {isa = PBXBuildFile; fileRef = 78BEC08A2AD71A01001FB8AE /* Knowledgebasedb+CoreDataProperties.swift */; };
		78CCD1142AB919ED00C0D4D9 /* Blog.swift in Sources */ = {isa = PBXBuildFile; fileRef = 78CCD1132AB919ED00C0D4D9 /* Blog.swift */; };
		78CCD1162AB91A0400C0D4D9 /* Knowledgebase.swift in Sources */ = {isa = PBXBuildFile; fileRef = 78CCD1152AB91A0400C0D4D9 /* Knowledgebase.swift */; };
		78CCD1182AB923F000C0D4D9 /* StartViewController.swift in Sources */ = {isa = PBXBuildFile; fileRef = 78CCD1172AB923F000C0D4D9 /* StartViewController.swift */; };
		78CCD11A2ABA3E7D00C0D4D9 /* ImageDataPostModel.swift in Sources */ = {isa = PBXBuildFile; fileRef = 78CCD1192ABA3E7D00C0D4D9 /* ImageDataPostModel.swift */; };
		78CCD11C2ABA727F00C0D4D9 /* ImagePost.swift in Sources */ = {isa = PBXBuildFile; fileRef = 78CCD11B2ABA727F00C0D4D9 /* ImagePost.swift */; };
		78CCD11E2AC230B100C0D4D9 /* KnowPost.swift in Sources */ = {isa = PBXBuildFile; fileRef = 78CCD11D2AC230B100C0D4D9 /* KnowPost.swift */; };
		78CCD1202AC230F000C0D4D9 /* BlogPost.swift in Sources */ = {isa = PBXBuildFile; fileRef = 78CCD11F2AC230F000C0D4D9 /* BlogPost.swift */; };
/* End PBXBuildFile section */

/* Begin PBXFileReference section */
		785C81AA2AB2824200AADBBF /* IdigueApi.app */ = {isa = PBXFileReference; explicitFileType = wrapper.application; includeInIndex = 0; path = IdigueApi.app; sourceTree = BUILT_PRODUCTS_DIR; };
		785C81AD2AB2824200AADBBF /* AppDelegate.swift */ = {isa = PBXFileReference; lastKnownFileType = sourcecode.swift; path = AppDelegate.swift; sourceTree = "<group>"; };
		785C81AF2AB2824200AADBBF /* SceneDelegate.swift */ = {isa = PBXFileReference; lastKnownFileType = sourcecode.swift; path = SceneDelegate.swift; sourceTree = "<group>"; };
		785C81B12AB2824200AADBBF /* ViewController.swift */ = {isa = PBXFileReference; lastKnownFileType = sourcecode.swift; path = ViewController.swift; sourceTree = "<group>"; };
		785C81B42AB2824200AADBBF /* Base */ = {isa = PBXFileReference; lastKnownFileType = file.storyboard; name = Base; path = Base.lproj/Main.storyboard; sourceTree = "<group>"; };
		785C81B72AB2824200AADBBF /* IdigueApi.xcdatamodel */ = {isa = PBXFileReference; lastKnownFileType = wrapper.xcdatamodel; path = IdigueApi.xcdatamodel; sourceTree = "<group>"; };
		785C81B92AB2824300AADBBF /* Assets.xcassets */ = {isa = PBXFileReference; lastKnownFileType = folder.assetcatalog; path = Assets.xcassets; sourceTree = "<group>"; };
		785C81BC2AB2824300AADBBF /* Base */ = {isa = PBXFileReference; lastKnownFileType = file.storyboard; name = Base; path = Base.lproj/LaunchScreen.storyboard; sourceTree = "<group>"; };
		785C81BE2AB2824300AADBBF /* Info.plist */ = {isa = PBXFileReference; lastKnownFileType = text.plist.xml; path = Info.plist; sourceTree = "<group>"; };
		785C81C42AB39E5B00AADBBF /* IdigueApi.swift */ = {isa = PBXFileReference; lastKnownFileType = sourcecode.swift; path = IdigueApi.swift; sourceTree = "<group>"; };
		785C81C72AB39FB900AADBBF /* IdigueHttp.swift */ = {isa = PBXFileReference; lastKnownFileType = sourcecode.swift; path = IdigueHttp.swift; sourceTree = "<group>"; };
		785C81CA2AB3A8B400AADBBF /* Idigue.swift */ = {isa = PBXFileReference; lastKnownFileType = sourcecode.swift; path = Idigue.swift; sourceTree = "<group>"; };
		785C81CC2AB3A97A00AADBBF /* Image.swift */ = {isa = PBXFileReference; lastKnownFileType = sourcecode.swift; path = Image.swift; sourceTree = "<group>"; };
		785C81CE2AB3B3C500AADBBF /* TableViewCell.swift */ = {isa = PBXFileReference; lastKnownFileType = sourcecode.swift; path = TableViewCell.swift; sourceTree = "<group>"; };
		788574652AFC7C9F00C8C835 /* CoreDataStack.swift */ = {isa = PBXFileReference; lastKnownFileType = sourcecode.swift; path = CoreDataStack.swift; sourceTree = "<group>"; };
		7885746B2B05A76C00C8C835 /* Imagedb.swift */ = {isa = PBXFileReference; lastKnownFileType = sourcecode.swift; path = Imagedb.swift; sourceTree = "<group>"; };
		78BEC0472AD0B480001FB8AE /* IdigueImageView.swift */ = {isa = PBXFileReference; lastKnownFileType = sourcecode.swift; path = IdigueImageView.swift; sourceTree = "<group>"; };
		78BEC0492AD0D0F9001FB8AE /* ImageViewController.swift */ = {isa = PBXFileReference; lastKnownFileType = sourcecode.swift; path = ImageViewController.swift; sourceTree = "<group>"; };
		78BEC04C2AD4B949001FB8AE /* IMG_1249.jpeg */ = {isa = PBXFileReference; lastKnownFileType = image.jpeg; path = IMG_1249.jpeg; sourceTree = "<group>"; };
		78BEC0512AD5E541001FB8AE /* ColorTransformer.swift */ = {isa = PBXFileReference; lastKnownFileType = sourcecode.swift; path = ColorTransformer.swift; sourceTree = "<group>"; };
		78BEC0852AD71A01001FB8AE /* Imagedb+CoreDataClass.swift */ = {isa = PBXFileReference; lastKnownFileType = sourcecode.swift; path = "Imagedb+CoreDataClass.swift"; sourceTree = "<group>"; };
		78BEC0862AD71A01001FB8AE /* Imagedb+CoreDataProperties.swift */ = {isa = PBXFileReference; lastKnownFileType = sourcecode.swift; path = "Imagedb+CoreDataProperties.swift"; sourceTree = "<group>"; };
		78BEC0872AD71A01001FB8AE /* Blogdb+CoreDataClass.swift */ = {isa = PBXFileReference; lastKnownFileType = sourcecode.swift; path = "Blogdb+CoreDataClass.swift"; sourceTree = "<group>"; };
		78BEC0882AD71A01001FB8AE /* Blogdb+CoreDataProperties.swift */ = {isa = PBXFileReference; lastKnownFileType = sourcecode.swift; path = "Blogdb+CoreDataProperties.swift"; sourceTree = "<group>"; };
		78BEC0892AD71A01001FB8AE /* Knowledgebasedb+CoreDataClass.swift */ = {isa = PBXFileReference; lastKnownFileType = sourcecode.swift; path = "Knowledgebasedb+CoreDataClass.swift"; sourceTree = "<group>"; };
		78BEC08A2AD71A01001FB8AE /* Knowledgebasedb+CoreDataProperties.swift */ = {isa = PBXFileReference; lastKnownFileType = sourcecode.swift; path = "Knowledgebasedb+CoreDataProperties.swift"; sourceTree = "<group>"; };
		78CCD1132AB919ED00C0D4D9 /* Blog.swift */ = {isa = PBXFileReference; lastKnownFileType = sourcecode.swift; path = Blog.swift; sourceTree = "<group>"; };
		78CCD1152AB91A0400C0D4D9 /* Knowledgebase.swift */ = {isa = PBXFileReference; lastKnownFileType = sourcecode.swift; path = Knowledgebase.swift; sourceTree = "<group>"; };
		78CCD1172AB923F000C0D4D9 /* StartViewController.swift */ = {isa = PBXFileReference; lastKnownFileType = sourcecode.swift; path = StartViewController.swift; sourceTree = "<group>"; };
		78CCD1192ABA3E7D00C0D4D9 /* ImageDataPostModel.swift */ = {isa = PBXFileReference; lastKnownFileType = sourcecode.swift; path = ImageDataPostModel.swift; sourceTree = "<group>"; };
		78CCD11B2ABA727F00C0D4D9 /* ImagePost.swift */ = {isa = PBXFileReference; lastKnownFileType = sourcecode.swift; path = ImagePost.swift; sourceTree = "<group>"; };
		78CCD11D2AC230B100C0D4D9 /* KnowPost.swift */ = {isa = PBXFileReference; lastKnownFileType = sourcecode.swift; path = KnowPost.swift; sourceTree = "<group>"; };
		78CCD11F2AC230F000C0D4D9 /* BlogPost.swift */ = {isa = PBXFileReference; lastKnownFileType = sourcecode.swift; path = BlogPost.swift; sourceTree = "<group>"; };
/* End PBXFileReference section */

/* Begin PBXFrameworksBuildPhase section */
		785C81A72AB2824200AADBBF /* Frameworks */ = {
			isa = PBXFrameworksBuildPhase;
			buildActionMask = 2147483647;
			files = (
			);
			runOnlyForDeploymentPostprocessing = 0;
		};
/* End PBXFrameworksBuildPhase section */

/* Begin PBXGroup section */
		785C81A12AB2824200AADBBF = {
			isa = PBXGroup;
			children = (
				788574602AF9D44C00C8C835 /* coredataaddons */,
				78BEC0542AD5ECC7001FB8AE /* coredata */,
				78BEC04E2AD4D987001FB8AE /* support */,
				78BEC04B2AD4B92B001FB8AE /* pic */,
				785C81AC2AB2824200AADBBF /* IdigueApi */,
				785C81AB2AB2824200AADBBF /* Products */,
			);
			sourceTree = "<group>";
		};
		785C81AB2AB2824200AADBBF /* Products */ = {
			isa = PBXGroup;
			children = (
				785C81AA2AB2824200AADBBF /* IdigueApi.app */,
			);
			name = Products;
			sourceTree = "<group>";
		};
		785C81AC2AB2824200AADBBF /* IdigueApi */ = {
			isa = PBXGroup;
			children = (
				785C81C92AB3A87A00AADBBF /* model */,
				785C81CE2AB3B3C500AADBBF /* TableViewCell.swift */,
				785C81B12AB2824200AADBBF /* ViewController.swift */,
				78BEC0492AD0D0F9001FB8AE /* ImageViewController.swift */,
				78CCD1172AB923F000C0D4D9 /* StartViewController.swift */,
				78BEC0472AD0B480001FB8AE /* IdigueImageView.swift */,
				785C81BE2AB2824300AADBBF /* Info.plist */,
				785C81C62AB39F7700AADBBF /* networkservices */,
				78CCD1192ABA3E7D00C0D4D9 /* ImageDataPostModel.swift */,
			);
			path = IdigueApi;
			sourceTree = "<group>";
		};
		785C81C62AB39F7700AADBBF /* networkservices */ = {
			isa = PBXGroup;
			children = (
				785C81C72AB39FB900AADBBF /* IdigueHttp.swift */,
				785C81C42AB39E5B00AADBBF /* IdigueApi.swift */,
			);
			path = networkservices;
			sourceTree = "<group>";
		};
		785C81C92AB3A87A00AADBBF /* model */ = {
			isa = PBXGroup;
			children = (
				785C81CA2AB3A8B400AADBBF /* Idigue.swift */,
				785C81CC2AB3A97A00AADBBF /* Image.swift */,
				78CCD1132AB919ED00C0D4D9 /* Blog.swift */,
				78CCD1152AB91A0400C0D4D9 /* Knowledgebase.swift */,
				78CCD11B2ABA727F00C0D4D9 /* ImagePost.swift */,
				78CCD11D2AC230B100C0D4D9 /* KnowPost.swift */,
				78CCD11F2AC230F000C0D4D9 /* BlogPost.swift */,
			);
			path = model;
			sourceTree = "<group>";
		};
		788574602AF9D44C00C8C835 /* coredataaddons */ = {
			isa = PBXGroup;
			children = (
			);
			path = coredataaddons;
			sourceTree = "<group>";
		};
		78BEC04B2AD4B92B001FB8AE /* pic */ = {
			isa = PBXGroup;
			children = (
				78BEC04C2AD4B949001FB8AE /* IMG_1249.jpeg */,
			);
			path = pic;
			sourceTree = "<group>";
		};
		78BEC04E2AD4D987001FB8AE /* support */ = {
			isa = PBXGroup;
			children = (
				78BEC0512AD5E541001FB8AE /* ColorTransformer.swift */,
				785C81AF2AB2824200AADBBF /* SceneDelegate.swift */,
				785C81B32AB2824200AADBBF /* Main.storyboard */,
				785C81BB2AB2824300AADBBF /* LaunchScreen.storyboard */,
				785C81AD2AB2824200AADBBF /* AppDelegate.swift */,
				785C81B92AB2824300AADBBF /* Assets.xcassets */,
				785C81B62AB2824200AADBBF /* IdigueApi.xcdatamodeld */,
			);
			path = support;
			sourceTree = "<group>";
		};
		78BEC0542AD5ECC7001FB8AE /* coredata */ = {
			isa = PBXGroup;
			children = (
				78BEC0852AD71A01001FB8AE /* Imagedb+CoreDataClass.swift */,
				78BEC0862AD71A01001FB8AE /* Imagedb+CoreDataProperties.swift */,
				78BEC0872AD71A01001FB8AE /* Blogdb+CoreDataClass.swift */,
				78BEC0882AD71A01001FB8AE /* Blogdb+CoreDataProperties.swift */,
				78BEC0892AD71A01001FB8AE /* Knowledgebasedb+CoreDataClass.swift */,
				78BEC08A2AD71A01001FB8AE /* Knowledgebasedb+CoreDataProperties.swift */,
				788574652AFC7C9F00C8C835 /* CoreDataStack.swift */,
				7885746B2B05A76C00C8C835 /* Imagedb.swift */,
			);
			path = coredata;
			sourceTree = "<group>";
		};
/* End PBXGroup section */

/* Begin PBXNativeTarget section */
		785C81A92AB2824200AADBBF /* IdigueApi */ = {
			isa = PBXNativeTarget;
			buildConfigurationList = 785C81C12AB2824300AADBBF /* Build configuration list for PBXNativeTarget "IdigueApi" */;
			buildPhases = (
				785C81A62AB2824200AADBBF /* Sources */,
				785C81A72AB2824200AADBBF /* Frameworks */,
				785C81A82AB2824200AADBBF /* Resources */,
			);
			buildRules = (
			);
			dependencies = (
			);
			name = IdigueApi;
			productName = IdigueApi;
			productReference = 785C81AA2AB2824200AADBBF /* IdigueApi.app */;
			productType = "com.apple.product-type.application";
		};
/* End PBXNativeTarget section */

/* Begin PBXProject section */
		785C81A22AB2824200AADBBF /* Project object */ = {
			isa = PBXProject;
			attributes = {
				BuildIndependentTargetsInParallel = 1;
				LastSwiftUpdateCheck = 1340;
				LastUpgradeCheck = 1500;
				TargetAttributes = {
					785C81A92AB2824200AADBBF = {
						CreatedOnToolsVersion = 13.4.1;
					};
				};
			};
			buildConfigurationList = 785C81A52AB2824200AADBBF /* Build configuration list for PBXProject "IdigueApi" */;
			compatibilityVersion = "Xcode 13.0";
			developmentRegion = en;
			hasScannedForEncodings = 0;
			knownRegions = (
				en,
				Base,
			);
			mainGroup = 785C81A12AB2824200AADBBF;
			productRefGroup = 785C81AB2AB2824200AADBBF /* Products */;
			projectDirPath = "";
			projectRoot = "";
			targets = (
				785C81A92AB2824200AADBBF /* IdigueApi */,
			);
		};
/* End PBXProject section */

/* Begin PBXResourcesBuildPhase section */
		785C81A82AB2824200AADBBF /* Resources */ = {
			isa = PBXResourcesBuildPhase;
			buildActionMask = 2147483647;
			files = (
				785C81B52AB2824200AADBBF /* Main.storyboard in Resources */,
			);
			runOnlyForDeploymentPostprocessing = 0;
		};
/* End PBXResourcesBuildPhase section */

/* Begin PBXSourcesBuildPhase section */
		785C81A62AB2824200AADBBF /* Sources */ = {
			isa = PBXSourcesBuildPhase;
			buildActionMask = 2147483647;
			files = (
				78BEC0902AD71A01001FB8AE /* Knowledgebasedb+CoreDataProperties.swift in Sources */,
				78BEC08E2AD71A01001FB8AE /* Blogdb+CoreDataProperties.swift in Sources */,
				785C81CB2AB3A8B400AADBBF /* Idigue.swift in Sources */,
				788574662AFC7C9F00C8C835 /* CoreDataStack.swift in Sources */,
				78BEC0522AD5E541001FB8AE /* ColorTransformer.swift in Sources */,
				78CCD1182AB923F000C0D4D9 /* StartViewController.swift in Sources */,
				78BEC0482AD0B480001FB8AE /* IdigueImageView.swift in Sources */,
				785C81CD2AB3A97A00AADBBF /* Image.swift in Sources */,
				78CCD1202AC230F000C0D4D9 /* BlogPost.swift in Sources */,
				78CCD1162AB91A0400C0D4D9 /* Knowledgebase.swift in Sources */,
				78BEC08D2AD71A01001FB8AE /* Blogdb+CoreDataClass.swift in Sources */,
				785C81B22AB2824200AADBBF /* ViewController.swift in Sources */,
				785C81C52AB39E5B00AADBBF /* IdigueApi.swift in Sources */,
				78BEC08F2AD71A01001FB8AE /* Knowledgebasedb+CoreDataClass.swift in Sources */,
				785C81AE2AB2824200AADBBF /* AppDelegate.swift in Sources */,
				785C81B02AB2824200AADBBF /* SceneDelegate.swift in Sources */,
				78BEC04A2AD0D0F9001FB8AE /* ImageViewController.swift in Sources */,
				785C81C82AB39FB900AADBBF /* IdigueHttp.swift in Sources */,
				78CCD1142AB919ED00C0D4D9 /* Blog.swift in Sources */,
				78CCD11A2ABA3E7D00C0D4D9 /* ImageDataPostModel.swift in Sources */,
				7885746C2B05A76C00C8C835 /* Imagedb.swift in Sources */,
				78BEC08C2AD71A01001FB8AE /* Imagedb+CoreDataProperties.swift in Sources */,
				78BEC08B2AD71A01001FB8AE /* Imagedb+CoreDataClass.swift in Sources */,
				785C81B82AB2824200AADBBF /* IdigueApi.xcdatamodeld in Sources */,
				78CCD11E2AC230B100C0D4D9 /* KnowPost.swift in Sources */,
				785C81CF2AB3B3C500AADBBF /* TableViewCell.swift in Sources */,
				78CCD11C2ABA727F00C0D4D9 /* ImagePost.swift in Sources */,
			);
			runOnlyForDeploymentPostprocessing = 0;
		};
/* End PBXSourcesBuildPhase section */

/* Begin PBXVariantGroup section */
		785C81B32AB2824200AADBBF /* Main.storyboard */ = {
			isa = PBXVariantGroup;
			children = (
				785C81B42AB2824200AADBBF /* Base */,
			);
			name = Main.storyboard;
			sourceTree = "<group>";
		};
		785C81BB2AB2824300AADBBF /* LaunchScreen.storyboard */ = {
			isa = PBXVariantGroup;
			children = (
				785C81BC2AB2824300AADBBF /* Base */,
			);
			name = LaunchScreen.storyboard;
			sourceTree = "<group>";
		};
/* End PBXVariantGroup section */

/* Begin XCBuildConfiguration section */
		785C81BF2AB2824300AADBBF /* Debug */ = {
			isa = XCBuildConfiguration;
			buildSettings = {
				ALWAYS_SEARCH_USER_PATHS = NO;
				CLANG_ANALYZER_NONNULL = YES;
				CLANG_ANALYZER_NUMBER_OBJECT_CONVERSION = YES_AGGRESSIVE;
				CLANG_CXX_LANGUAGE_STANDARD = "gnu++17";
				CLANG_ENABLE_MODULES = YES;
				CLANG_ENABLE_OBJC_ARC = YES;
				CLANG_ENABLE_OBJC_WEAK = YES;
				CLANG_WARN_BLOCK_CAPTURE_AUTORELEASING = YES;
				CLANG_WARN_BOOL_CONVERSION = YES;
				CLANG_WARN_COMMA = YES;
				CLANG_WARN_CONSTANT_CONVERSION = YES;
				CLANG_WARN_DEPRECATED_OBJC_IMPLEMENTATIONS = YES;
				CLANG_WARN_DIRECT_OBJC_ISA_USAGE = YES_ERROR;
				CLANG_WARN_DOCUMENTATION_COMMENTS = YES;
				CLANG_WARN_EMPTY_BODY = YES;
				CLANG_WARN_ENUM_CONVERSION = YES;
				CLANG_WARN_INFINITE_RECURSION = YES;
				CLANG_WARN_INT_CONVERSION = YES;
				CLANG_WARN_NON_LITERAL_NULL_CONVERSION = YES;
				CLANG_WARN_OBJC_IMPLICIT_RETAIN_SELF = YES;
				CLANG_WARN_OBJC_LITERAL_CONVERSION = YES;
				CLANG_WARN_OBJC_ROOT_CLASS = YES_ERROR;
				CLANG_WARN_QUOTED_INCLUDE_IN_FRAMEWORK_HEADER = YES;
				CLANG_WARN_RANGE_LOOP_ANALYSIS = YES;
				CLANG_WARN_STRICT_PROTOTYPES = YES;
				CLANG_WARN_SUSPICIOUS_MOVE = YES;
				CLANG_WARN_UNGUARDED_AVAILABILITY = YES_AGGRESSIVE;
				CLANG_WARN_UNREACHABLE_CODE = YES;
				CLANG_WARN__DUPLICATE_METHOD_MATCH = YES;
				COPY_PHASE_STRIP = NO;
				DEBUG_INFORMATION_FORMAT = dwarf;
				ENABLE_STRICT_OBJC_MSGSEND = YES;
				ENABLE_TESTABILITY = YES;
				ENABLE_USER_SCRIPT_SANDBOXING = YES;
				GCC_C_LANGUAGE_STANDARD = gnu11;
				GCC_DYNAMIC_NO_PIC = NO;
				GCC_NO_COMMON_BLOCKS = YES;
				GCC_OPTIMIZATION_LEVEL = 0;
				GCC_PREPROCESSOR_DEFINITIONS = (
					"DEBUG=1",
					"$(inherited)",
				);
				GCC_WARN_64_TO_32_BIT_CONVERSION = YES;
				GCC_WARN_ABOUT_RETURN_TYPE = YES_ERROR;
				GCC_WARN_UNDECLARED_SELECTOR = YES;
				GCC_WARN_UNINITIALIZED_AUTOS = YES_AGGRESSIVE;
				GCC_WARN_UNUSED_FUNCTION = YES;
				GCC_WARN_UNUSED_VARIABLE = YES;
				IPHONEOS_DEPLOYMENT_TARGET = 15.5;
				MTL_ENABLE_DEBUG_INFO = INCLUDE_SOURCE;
				MTL_FAST_MATH = YES;
				ONLY_ACTIVE_ARCH = YES;
				SDKROOT = iphoneos;
				SWIFT_ACTIVE_COMPILATION_CONDITIONS = DEBUG;
				SWIFT_OPTIMIZATION_LEVEL = "-Onone";
			};
			name = Debug;
		};
		785C81C02AB2824300AADBBF /* Release */ = {
			isa = XCBuildConfiguration;
			buildSettings = {
				ALWAYS_SEARCH_USER_PATHS = NO;
				CLANG_ANALYZER_NONNULL = YES;
				CLANG_ANALYZER_NUMBER_OBJECT_CONVERSION = YES_AGGRESSIVE;
				CLANG_CXX_LANGUAGE_STANDARD = "gnu++17";
				CLANG_ENABLE_MODULES = YES;
				CLANG_ENABLE_OBJC_ARC = YES;
				CLANG_ENABLE_OBJC_WEAK = YES;
				CLANG_WARN_BLOCK_CAPTURE_AUTORELEASING = YES;
				CLANG_WARN_BOOL_CONVERSION = YES;
				CLANG_WARN_COMMA = YES;
				CLANG_WARN_CONSTANT_CONVERSION = YES;
				CLANG_WARN_DEPRECATED_OBJC_IMPLEMENTATIONS = YES;
				CLANG_WARN_DIRECT_OBJC_ISA_USAGE = YES_ERROR;
				CLANG_WARN_DOCUMENTATION_COMMENTS = YES;
				CLANG_WARN_EMPTY_BODY = YES;
				CLANG_WARN_ENUM_CONVERSION = YES;
				CLANG_WARN_INFINITE_RECURSION = YES;
				CLANG_WARN_INT_CONVERSION = YES;
				CLANG_WARN_NON_LITERAL_NULL_CONVERSION = YES;
				CLANG_WARN_OBJC_IMPLICIT_RETAIN_SELF = YES;
				CLANG_WARN_OBJC_LITERAL_CONVERSION = YES;
				CLANG_WARN_OBJC_ROOT_CLASS = YES_ERROR;
				CLANG_WARN_QUOTED_INCLUDE_IN_FRAMEWORK_HEADER = YES;
				CLANG_WARN_RANGE_LOOP_ANALYSIS = YES;
				CLANG_WARN_STRICT_PROTOTYPES = YES;
				CLANG_WARN_SUSPICIOUS_MOVE = YES;
				CLANG_WARN_UNGUARDED_AVAILABILITY = YES_AGGRESSIVE;
				CLANG_WARN_UNREACHABLE_CODE = YES;
				CLANG_WARN__DUPLICATE_METHOD_MATCH = YES;
				COPY_PHASE_STRIP = NO;
				DEBUG_INFORMATION_FORMAT = "dwarf-with-dsym";
				ENABLE_NS_ASSERTIONS = NO;
				ENABLE_STRICT_OBJC_MSGSEND = YES;
				ENABLE_USER_SCRIPT_SANDBOXING = YES;
				GCC_C_LANGUAGE_STANDARD = gnu11;
				GCC_NO_COMMON_BLOCKS = YES;
				GCC_WARN_64_TO_32_BIT_CONVERSION = YES;
				GCC_WARN_ABOUT_RETURN_TYPE = YES_ERROR;
				GCC_WARN_UNDECLARED_SELECTOR = YES;
				GCC_WARN_UNINITIALIZED_AUTOS = YES_AGGRESSIVE;
				GCC_WARN_UNUSED_FUNCTION = YES;
				GCC_WARN_UNUSED_VARIABLE = YES;
				IPHONEOS_DEPLOYMENT_TARGET = 15.5;
				MTL_ENABLE_DEBUG_INFO = NO;
				MTL_FAST_MATH = YES;
				SDKROOT = iphoneos;
				SWIFT_COMPILATION_MODE = wholemodule;
				SWIFT_OPTIMIZATION_LEVEL = "-O";
				VALIDATE_PRODUCT = YES;
			};
			name = Release;
		};
		785C81C22AB2824300AADBBF /* Debug */ = {
			isa = XCBuildConfiguration;
			buildSettings = {
				ASSETCATALOG_COMPILER_APPICON_NAME = AppIcon;
				ASSETCATALOG_COMPILER_GLOBAL_ACCENT_COLOR_NAME = AccentColor;
				CODE_SIGN_STYLE = Automatic;
				CURRENT_PROJECT_VERSION = 1;
				DEVELOPMENT_TEAM = 7MN5YESSBS;
				GENERATE_INFOPLIST_FILE = YES;
				INFOPLIST_FILE = IdigueApi/Info.plist;
				INFOPLIST_KEY_UIApplicationSupportsIndirectInputEvents = YES;
				INFOPLIST_KEY_UILaunchStoryboardName = LaunchScreen;
				INFOPLIST_KEY_UIMainStoryboardFile = Main;
				INFOPLIST_KEY_UISupportedInterfaceOrientations_iPad = "UIInterfaceOrientationPortrait UIInterfaceOrientationPortraitUpsideDown UIInterfaceOrientationLandscapeLeft UIInterfaceOrientationLandscapeRight";
				INFOPLIST_KEY_UISupportedInterfaceOrientations_iPhone = "UIInterfaceOrientationPortrait UIInterfaceOrientationLandscapeLeft UIInterfaceOrientationLandscapeRight";
				LD_RUNPATH_SEARCH_PATHS = (
					"$(inherited)",
					"@executable_path/Frameworks",
				);
				MARKETING_VERSION = 1.0;
				PRODUCT_BUNDLE_IDENTIFIER = idigue.IdigueApi;
				PRODUCT_NAME = "$(TARGET_NAME)";
				SWIFT_EMIT_LOC_STRINGS = YES;
				SWIFT_VERSION = 5.0;
				TARGETED_DEVICE_FAMILY = "1,2";
			};
			name = Debug;
		};
		785C81C32AB2824300AADBBF /* Release */ = {
			isa = XCBuildConfiguration;
			buildSettings = {
				ASSETCATALOG_COMPILER_APPICON_NAME = AppIcon;
				ASSETCATALOG_COMPILER_GLOBAL_ACCENT_COLOR_NAME = AccentColor;
				CODE_SIGN_STYLE = Automatic;
				CURRENT_PROJECT_VERSION = 1;
				DEVELOPMENT_TEAM = 7MN5YESSBS;
				GENERATE_INFOPLIST_FILE = YES;
				INFOPLIST_FILE = IdigueApi/Info.plist;
				INFOPLIST_KEY_UIApplicationSupportsIndirectInputEvents = YES;
				INFOPLIST_KEY_UILaunchStoryboardName = LaunchScreen;
				INFOPLIST_KEY_UIMainStoryboardFile = Main;
				INFOPLIST_KEY_UISupportedInterfaceOrientations_iPad = "UIInterfaceOrientationPortrait UIInterfaceOrientationPortraitUpsideDown UIInterfaceOrientationLandscapeLeft UIInterfaceOrientationLandscapeRight";
				INFOPLIST_KEY_UISupportedInterfaceOrientations_iPhone = "UIInterfaceOrientationPortrait UIInterfaceOrientationLandscapeLeft UIInterfaceOrientationLandscapeRight";
				LD_RUNPATH_SEARCH_PATHS = (
					"$(inherited)",
					"@executable_path/Frameworks",
				);
				MARKETING_VERSION = 1.0;
				PRODUCT_BUNDLE_IDENTIFIER = idigue.IdigueApi;
				PRODUCT_NAME = "$(TARGET_NAME)";
				SWIFT_EMIT_LOC_STRINGS = YES;
				SWIFT_VERSION = 5.0;
				TARGETED_DEVICE_FAMILY = "1,2";
			};
			name = Release;
		};
/* End XCBuildConfiguration section */

/* Begin XCConfigurationList section */
		785C81A52AB2824200AADBBF /* Build configuration list for PBXProject "IdigueApi" */ = {
			isa = XCConfigurationList;
			buildConfigurations = (
				785C81BF2AB2824300AADBBF /* Debug */,
				785C81C02AB2824300AADBBF /* Release */,
			);
			defaultConfigurationIsVisible = 0;
			defaultConfigurationName = Debug;
		};
		785C81C12AB2824300AADBBF /* Build configuration list for PBXNativeTarget "IdigueApi" */ = {
			isa = XCConfigurationList;
			buildConfigurations = (
				785C81C22AB2824300AADBBF /* Debug */,
				785C81C32AB2824300AADBBF /* Release */,
			);
			defaultConfigurationIsVisible = 0;
			defaultConfigurationName = Debug;
		};
/* End XCConfigurationList section */

/* Begin XCVersionGroup section */
		785C81B62AB2824200AADBBF /* IdigueApi.xcdatamodeld */ = {
			isa = XCVersionGroup;
			children = (
				785C81B72AB2824200AADBBF /* IdigueApi.xcdatamodel */,
			);
			currentVersion = 785C81B72AB2824200AADBBF /* IdigueApi.xcdatamodel */;
			path = IdigueApi.xcdatamodeld;
			sourceTree = "<group>";
			versionGroupType = wrapper.xcdatamodel;
		};
/* End XCVersionGroup section */
	};
	rootObject = 785C81A22AB2824200AADBBF /* Project object */;
}
